
Microsoft Visual Studio Solution File, Format Version 12.00
# Visual Studio Version 17
VisualStudioVersion = 17.2.32630.192
MinimumVisualStudioVersion = 10.0.40219.1
Project("{FAE04EC0-301F-11D3-BF4B-00C04F79EFBC}") = "BlazorBitcoinApp", "BlazorBitcoinApp.csproj", "{DB6AB254-A754-47C7-9127-4862DE4D99D5}"
EndProject
Global
	GlobalSection(SolutionConfigurationPlatforms) = preSolution
		Debug|Any CPU = Debug|Any CPU
		Release|Any CPU = Release|Any CPU
	EndGlobalSection
	GlobalSection(ProjectConfigurationPlatforms) = postSolution
		{DB6AB254-A754-47C7-9127-4862DE4D99D5}.Debug|Any CPU.ActiveCfg = Debug|Any CPU
		{DB6AB254-A754-47C7-9127-4862DE4D99D5}.Debug|Any CPU.Build.0 = Debug|Any CPU
		{DB6AB254-A754-47C7-9127-4862DE4D99D5}.Release|Any CPU.ActiveCfg = Release|Any CPU
		{DB6AB254-A754-47C7-9127-4862DE4D99D5}.Release|Any CPU.Build.0 = Release|Any CPU
	EndGlobalSection
	GlobalSection(SolutionProperties) = preSolution
		HideSolutionNode = FALSE
	EndGlobalSection
	GlobalSection(ExtensibilityGlobals) = postSolution
		SolutionGuid = {D26D62B1-9337-4B99-A354-8864F6AFB17B}
	EndGlobalSection
EndGlobal
